// !$*UTF8*$!
{
	archiveVersion = 1;
	classes = {
	};
	objectVersion = 46;
	objects = {

/* Begin PBXBuildFile section */
		36EF5D0098AA8084844B8310 /* Pods_OnTheMapUITests.framework in Frameworks */ = {isa = PBXBuildFile; fileRef = 7D001EBB277D09D10153229E /* Pods_OnTheMapUITests.framework */; };
		93E101D733B65B895590B4AD /* Pods_OnTheMap.framework in Frameworks */ = {isa = PBXBuildFile; fileRef = 1A0C070F707EC369EE59A333 /* Pods_OnTheMap.framework */; };
		BBF54F5F1DF6697E0016A1FA /* MapViewController.swift in Sources */ = {isa = PBXBuildFile; fileRef = BBF54F5E1DF6697E0016A1FA /* MapViewController.swift */; };
		BBF54F621DFD65830016A1FA /* SetLocationViewController.swift in Sources */ = {isa = PBXBuildFile; fileRef = BBF54F611DFD65830016A1FA /* SetLocationViewController.swift */; };
		BBF54F641DFD7EF90016A1FA /* AddLinkViewController.swift in Sources */ = {isa = PBXBuildFile; fileRef = BBF54F631DFD7EF90016A1FA /* AddLinkViewController.swift */; };
		BBF54F681DFE4F350016A1FA /* StudentLocationTableViewController.swift in Sources */ = {isa = PBXBuildFile; fileRef = BBF54F671DFE4F350016A1FA /* StudentLocationTableViewController.swift */; };
		BBF54F6A1DFE4F680016A1FA /* StudentLocationDetailTableViewCell.swift in Sources */ = {isa = PBXBuildFile; fileRef = BBF54F691DFE4F680016A1FA /* StudentLocationDetailTableViewCell.swift */; };
		BBF54F6C1DFF13AC0016A1FA /* Structures.swift in Sources */ = {isa = PBXBuildFile; fileRef = BBF54F6B1DFF13AC0016A1FA /* Structures.swift */; };
		BBF54F6E1DFFA0270016A1FA /* LoadingOverlay.swift in Sources */ = {isa = PBXBuildFile; fileRef = BBF54F6D1DFFA0270016A1FA /* LoadingOverlay.swift */; };
		BBF54F721E01232E0016A1FA /* HelperFunctions.swift in Sources */ = {isa = PBXBuildFile; fileRef = BBF54F711E01232E0016A1FA /* HelperFunctions.swift */; };
		BBF8E1431DEC9BF200BE1DBB /* AppDelegate.swift in Sources */ = {isa = PBXBuildFile; fileRef = BBF8E1421DEC9BF200BE1DBB /* AppDelegate.swift */; };
		BBF8E1451DEC9BF300BE1DBB /* ViewController.swift in Sources */ = {isa = PBXBuildFile; fileRef = BBF8E1441DEC9BF300BE1DBB /* ViewController.swift */; };
		BBF8E1481DEC9BF300BE1DBB /* Main.storyboard in Resources */ = {isa = PBXBuildFile; fileRef = BBF8E1461DEC9BF300BE1DBB /* Main.storyboard */; };
		BBF8E14A1DEC9BF300BE1DBB /* Assets.xcassets in Resources */ = {isa = PBXBuildFile; fileRef = BBF8E1491DEC9BF300BE1DBB /* Assets.xcassets */; };
		BBF8E14D1DEC9BF300BE1DBB /* LaunchScreen.storyboard in Resources */ = {isa = PBXBuildFile; fileRef = BBF8E14B1DEC9BF300BE1DBB /* LaunchScreen.storyboard */; };
		BBF8E1581DEC9BF300BE1DBB /* OnTheMapTests.swift in Sources */ = {isa = PBXBuildFile; fileRef = BBF8E1571DEC9BF300BE1DBB /* OnTheMapTests.swift */; };
		BBF8E1631DEC9BF300BE1DBB /* OnTheMapUITests.swift in Sources */ = {isa = PBXBuildFile; fileRef = BBF8E1621DEC9BF300BE1DBB /* OnTheMapUITests.swift */; };
		BBF8E17F1DF0915100BE1DBB /* Model.swift in Sources */ = {isa = PBXBuildFile; fileRef = BBF8E17E1DF0915100BE1DBB /* Model.swift */; };
		D03E94B26A0E8197930CCB6E /* Pods_OnTheMapTests.framework in Frameworks */ = {isa = PBXBuildFile; fileRef = 082138D27D9F78D00DB0662D /* Pods_OnTheMapTests.framework */; };
/* End PBXBuildFile section */

/* Begin PBXContainerItemProxy section */
		BBF8E1541DEC9BF300BE1DBB /* PBXContainerItemProxy */ = {
			isa = PBXContainerItemProxy;
			containerPortal = BBF8E1371DEC9BF200BE1DBB /* Project object */;
			proxyType = 1;
			remoteGlobalIDString = BBF8E13E1DEC9BF200BE1DBB;
			remoteInfo = OnTheMap;
		};
		BBF8E15F1DEC9BF300BE1DBB /* PBXContainerItemProxy */ = {
			isa = PBXContainerItemProxy;
			containerPortal = BBF8E1371DEC9BF200BE1DBB /* Project object */;
			proxyType = 1;
			remoteGlobalIDString = BBF8E13E1DEC9BF200BE1DBB;
			remoteInfo = OnTheMap;
		};
/* End PBXContainerItemProxy section */

/* Begin PBXFileReference section */
		082138D27D9F78D00DB0662D /* Pods_OnTheMapTests.framework */ = {isa = PBXFileReference; explicitFileType = wrapper.framework; includeInIndex = 0; path = Pods_OnTheMapTests.framework; sourceTree = BUILT_PRODUCTS_DIR; };
		1A0C070F707EC369EE59A333 /* Pods_OnTheMap.framework */ = {isa = PBXFileReference; explicitFileType = wrapper.framework; includeInIndex = 0; path = Pods_OnTheMap.framework; sourceTree = BUILT_PRODUCTS_DIR; };
		4ADB2E904EF2B517596EB940 /* Pods-OnTheMap.debug.xcconfig */ = {isa = PBXFileReference; includeInIndex = 1; lastKnownFileType = text.xcconfig; name = "Pods-OnTheMap.debug.xcconfig"; path = "Pods/Target Support Files/Pods-OnTheMap/Pods-OnTheMap.debug.xcconfig"; sourceTree = "<group>"; };
		545338FF72D227CD61638F8D /* Pods-OnTheMapUITests.release.xcconfig */ = {isa = PBXFileReference; includeInIndex = 1; lastKnownFileType = text.xcconfig; name = "Pods-OnTheMapUITests.release.xcconfig"; path = "Pods/Target Support Files/Pods-OnTheMapUITests/Pods-OnTheMapUITests.release.xcconfig"; sourceTree = "<group>"; };
		5F80B50750C330F1B4CE33BE /* Pods-OnTheMapTests.release.xcconfig */ = {isa = PBXFileReference; includeInIndex = 1; lastKnownFileType = text.xcconfig; name = "Pods-OnTheMapTests.release.xcconfig"; path = "Pods/Target Support Files/Pods-OnTheMapTests/Pods-OnTheMapTests.release.xcconfig"; sourceTree = "<group>"; };
		7D001EBB277D09D10153229E /* Pods_OnTheMapUITests.framework */ = {isa = PBXFileReference; explicitFileType = wrapper.framework; includeInIndex = 0; path = Pods_OnTheMapUITests.framework; sourceTree = BUILT_PRODUCTS_DIR; };
		8943C921969401165717D061 /* Pods-OnTheMap.release.xcconfig */ = {isa = PBXFileReference; includeInIndex = 1; lastKnownFileType = text.xcconfig; name = "Pods-OnTheMap.release.xcconfig"; path = "Pods/Target Support Files/Pods-OnTheMap/Pods-OnTheMap.release.xcconfig"; sourceTree = "<group>"; };
		91F82698D5BFF526460A2CE4 /* Pods-OnTheMapUITests.debug.xcconfig */ = {isa = PBXFileReference; includeInIndex = 1; lastKnownFileType = text.xcconfig; name = "Pods-OnTheMapUITests.debug.xcconfig"; path = "Pods/Target Support Files/Pods-OnTheMapUITests/Pods-OnTheMapUITests.debug.xcconfig"; sourceTree = "<group>"; };
		9A6C21DB989586C08393CD59 /* Pods-OnTheMapTests.debug.xcconfig */ = {isa = PBXFileReference; includeInIndex = 1; lastKnownFileType = text.xcconfig; name = "Pods-OnTheMapTests.debug.xcconfig"; path = "Pods/Target Support Files/Pods-OnTheMapTests/Pods-OnTheMapTests.debug.xcconfig"; sourceTree = "<group>"; };
		BBF54F5E1DF6697E0016A1FA /* MapViewController.swift */ = {isa = PBXFileReference; fileEncoding = 4; lastKnownFileType = sourcecode.swift; path = MapViewController.swift; sourceTree = "<group>"; };
		BBF54F601DFAC4C00016A1FA /* OnTheMap.entitlements */ = {isa = PBXFileReference; lastKnownFileType = text.plist.entitlements; path = OnTheMap.entitlements; sourceTree = "<group>"; };
		BBF54F611DFD65830016A1FA /* SetLocationViewController.swift */ = {isa = PBXFileReference; fileEncoding = 4; lastKnownFileType = sourcecode.swift; path = SetLocationViewController.swift; sourceTree = "<group>"; };
		BBF54F631DFD7EF90016A1FA /* AddLinkViewController.swift */ = {isa = PBXFileReference; fileEncoding = 4; lastKnownFileType = sourcecode.swift; path = AddLinkViewController.swift; sourceTree = "<group>"; };
		BBF54F671DFE4F350016A1FA /* StudentLocationTableViewController.swift */ = {isa = PBXFileReference; fileEncoding = 4; lastKnownFileType = sourcecode.swift; path = StudentLocationTableViewController.swift; sourceTree = "<group>"; };
		BBF54F691DFE4F680016A1FA /* StudentLocationDetailTableViewCell.swift */ = {isa = PBXFileReference; fileEncoding = 4; lastKnownFileType = sourcecode.swift; path = StudentLocationDetailTableViewCell.swift; sourceTree = "<group>"; };
		BBF54F6B1DFF13AC0016A1FA /* Structures.swift */ = {isa = PBXFileReference; fileEncoding = 4; lastKnownFileType = sourcecode.swift; path = Structures.swift; sourceTree = "<group>"; };
		BBF54F6D1DFFA0270016A1FA /* LoadingOverlay.swift */ = {isa = PBXFileReference; fileEncoding = 4; lastKnownFileType = sourcecode.swift; path = LoadingOverlay.swift; sourceTree = "<group>"; };
		BBF54F711E01232E0016A1FA /* HelperFunctions.swift */ = {isa = PBXFileReference; fileEncoding = 4; lastKnownFileType = sourcecode.swift; path = HelperFunctions.swift; sourceTree = "<group>"; };
		BBF8E13F1DEC9BF200BE1DBB /* OnTheMap.app */ = {isa = PBXFileReference; explicitFileType = wrapper.application; includeInIndex = 0; path = OnTheMap.app; sourceTree = BUILT_PRODUCTS_DIR; };
		BBF8E1421DEC9BF200BE1DBB /* AppDelegate.swift */ = {isa = PBXFileReference; lastKnownFileType = sourcecode.swift; path = AppDelegate.swift; sourceTree = "<group>"; };
		BBF8E1441DEC9BF300BE1DBB /* ViewController.swift */ = {isa = PBXFileReference; lastKnownFileType = sourcecode.swift; path = ViewController.swift; sourceTree = "<group>"; };
		BBF8E1471DEC9BF300BE1DBB /* Base */ = {isa = PBXFileReference; lastKnownFileType = file.storyboard; name = Base; path = Base.lproj/Main.storyboard; sourceTree = "<group>"; };
		BBF8E1491DEC9BF300BE1DBB /* Assets.xcassets */ = {isa = PBXFileReference; lastKnownFileType = folder.assetcatalog; path = Assets.xcassets; sourceTree = "<group>"; };
		BBF8E14C1DEC9BF300BE1DBB /* Base */ = {isa = PBXFileReference; lastKnownFileType = file.storyboard; name = Base; path = Base.lproj/LaunchScreen.storyboard; sourceTree = "<group>"; };
		BBF8E14E1DEC9BF300BE1DBB /* Info.plist */ = {isa = PBXFileReference; lastKnownFileType = text.plist.xml; path = Info.plist; sourceTree = "<group>"; };
		BBF8E1531DEC9BF300BE1DBB /* OnTheMapTests.xctest */ = {isa = PBXFileReference; explicitFileType = wrapper.cfbundle; includeInIndex = 0; path = OnTheMapTests.xctest; sourceTree = BUILT_PRODUCTS_DIR; };
		BBF8E1571DEC9BF300BE1DBB /* OnTheMapTests.swift */ = {isa = PBXFileReference; lastKnownFileType = sourcecode.swift; path = OnTheMapTests.swift; sourceTree = "<group>"; };
		BBF8E1591DEC9BF300BE1DBB /* Info.plist */ = {isa = PBXFileReference; lastKnownFileType = text.plist.xml; path = Info.plist; sourceTree = "<group>"; };
		BBF8E15E1DEC9BF300BE1DBB /* OnTheMapUITests.xctest */ = {isa = PBXFileReference; explicitFileType = wrapper.cfbundle; includeInIndex = 0; path = OnTheMapUITests.xctest; sourceTree = BUILT_PRODUCTS_DIR; };
		BBF8E1621DEC9BF300BE1DBB /* OnTheMapUITests.swift */ = {isa = PBXFileReference; lastKnownFileType = sourcecode.swift; path = OnTheMapUITests.swift; sourceTree = "<group>"; };
		BBF8E1641DEC9BF300BE1DBB /* Info.plist */ = {isa = PBXFileReference; lastKnownFileType = text.plist.xml; path = Info.plist; sourceTree = "<group>"; };
		BBF8E1721DEF2E2400BE1DBB /* Roboto-Medium.ttf */ = {isa = PBXFileReference; lastKnownFileType = file; path = "Roboto-Medium.ttf"; sourceTree = "<group>"; };
		BBF8E1731DEF2E2400BE1DBB /* Roboto-Regular.ttf */ = {isa = PBXFileReference; lastKnownFileType = file; path = "Roboto-Regular.ttf"; sourceTree = "<group>"; };
		BBF8E1741DEF2E2400BE1DBB /* Roboto-Thin.ttf */ = {isa = PBXFileReference; lastKnownFileType = file; path = "Roboto-Thin.ttf"; sourceTree = "<group>"; };
		BBF8E17E1DF0915100BE1DBB /* Model.swift */ = {isa = PBXFileReference; fileEncoding = 4; lastKnownFileType = sourcecode.swift; path = Model.swift; sourceTree = "<group>"; };
/* End PBXFileReference section */

/* Begin PBXFrameworksBuildPhase section */
		BBF8E13C1DEC9BF200BE1DBB /* Frameworks */ = {
			isa = PBXFrameworksBuildPhase;
			buildActionMask = 2147483647;
			files = (
				93E101D733B65B895590B4AD /* Pods_OnTheMap.framework in Frameworks */,
			);
			runOnlyForDeploymentPostprocessing = 0;
		};
		BBF8E1501DEC9BF300BE1DBB /* Frameworks */ = {
			isa = PBXFrameworksBuildPhase;
			buildActionMask = 2147483647;
			files = (
				D03E94B26A0E8197930CCB6E /* Pods_OnTheMapTests.framework in Frameworks */,
			);
			runOnlyForDeploymentPostprocessing = 0;
		};
		BBF8E15B1DEC9BF300BE1DBB /* Frameworks */ = {
			isa = PBXFrameworksBuildPhase;
			buildActionMask = 2147483647;
			files = (
				36EF5D0098AA8084844B8310 /* Pods_OnTheMapUITests.framework in Frameworks */,
			);
			runOnlyForDeploymentPostprocessing = 0;
		};
/* End PBXFrameworksBuildPhase section */

/* Begin PBXGroup section */
		44AA00F895E79498B7ED16C1 /* Frameworks */ = {
			isa = PBXGroup;
			children = (
				1A0C070F707EC369EE59A333 /* Pods_OnTheMap.framework */,
				082138D27D9F78D00DB0662D /* Pods_OnTheMapTests.framework */,
				7D001EBB277D09D10153229E /* Pods_OnTheMapUITests.framework */,
			);
			name = Frameworks;
			sourceTree = "<group>";
		};
		BBF8E1361DEC9BF200BE1DBB = {
			isa = PBXGroup;
			children = (
				BBF8E1411DEC9BF200BE1DBB /* OnTheMap */,
				BBF8E1561DEC9BF300BE1DBB /* OnTheMapTests */,
				BBF8E1611DEC9BF300BE1DBB /* OnTheMapUITests */,
				BBF8E1401DEC9BF200BE1DBB /* Products */,
				DBA8484140E7D6ED6A548C2B /* Pods */,
				44AA00F895E79498B7ED16C1 /* Frameworks */,
			);
			sourceTree = "<group>";
		};
		BBF8E1401DEC9BF200BE1DBB /* Products */ = {
			isa = PBXGroup;
			children = (
				BBF8E13F1DEC9BF200BE1DBB /* OnTheMap.app */,
				BBF8E1531DEC9BF300BE1DBB /* OnTheMapTests.xctest */,
				BBF8E15E1DEC9BF300BE1DBB /* OnTheMapUITests.xctest */,
			);
			name = Products;
			sourceTree = "<group>";
		};
		BBF8E1411DEC9BF200BE1DBB /* OnTheMap */ = {
			isa = PBXGroup;
			children = (
				BBF54F601DFAC4C00016A1FA /* OnTheMap.entitlements */,
				BBF8E1711DEF2E0F00BE1DBB /* Fonts */,
				BBF8E1421DEC9BF200BE1DBB /* AppDelegate.swift */,
				BBF8E1441DEC9BF300BE1DBB /* ViewController.swift */,
				BBF54F6B1DFF13AC0016A1FA /* Structures.swift */,
				BBF8E1461DEC9BF300BE1DBB /* Main.storyboard */,
				BBF54F6D1DFFA0270016A1FA /* LoadingOverlay.swift */,
				BBF54F691DFE4F680016A1FA /* StudentLocationDetailTableViewCell.swift */,
				BBF54F671DFE4F350016A1FA /* StudentLocationTableViewController.swift */,
				BBF54F711E01232E0016A1FA /* HelperFunctions.swift */,
				BBF54F611DFD65830016A1FA /* SetLocationViewController.swift */,
				BBF54F631DFD7EF90016A1FA /* AddLinkViewController.swift */,
				BBF54F5E1DF6697E0016A1FA /* MapViewController.swift */,
				BBF8E17E1DF0915100BE1DBB /* Model.swift */,
				BBF8E1491DEC9BF300BE1DBB /* Assets.xcassets */,
				BBF8E14B1DEC9BF300BE1DBB /* LaunchScreen.storyboard */,
				BBF8E14E1DEC9BF300BE1DBB /* Info.plist */,
			);
			path = OnTheMap;
			sourceTree = "<group>";
		};
		BBF8E1561DEC9BF300BE1DBB /* OnTheMapTests */ = {
			isa = PBXGroup;
			children = (
				BBF8E1571DEC9BF300BE1DBB /* OnTheMapTests.swift */,
				BBF8E1591DEC9BF300BE1DBB /* Info.plist */,
			);
			path = OnTheMapTests;
			sourceTree = "<group>";
		};
		BBF8E1611DEC9BF300BE1DBB /* OnTheMapUITests */ = {
			isa = PBXGroup;
			children = (
				BBF8E1621DEC9BF300BE1DBB /* OnTheMapUITests.swift */,
				BBF8E1641DEC9BF300BE1DBB /* Info.plist */,
			);
			path = OnTheMapUITests;
			sourceTree = "<group>";
		};
		BBF8E1711DEF2E0F00BE1DBB /* Fonts */ = {
			isa = PBXGroup;
			children = (
				BBF8E1721DEF2E2400BE1DBB /* Roboto-Medium.ttf */,
				BBF8E1731DEF2E2400BE1DBB /* Roboto-Regular.ttf */,
				BBF8E1741DEF2E2400BE1DBB /* Roboto-Thin.ttf */,
			);
			name = Fonts;
			sourceTree = "<group>";
		};
		DBA8484140E7D6ED6A548C2B /* Pods */ = {
			isa = PBXGroup;
			children = (
				4ADB2E904EF2B517596EB940 /* Pods-OnTheMap.debug.xcconfig */,
				8943C921969401165717D061 /* Pods-OnTheMap.release.xcconfig */,
				9A6C21DB989586C08393CD59 /* Pods-OnTheMapTests.debug.xcconfig */,
				5F80B50750C330F1B4CE33BE /* Pods-OnTheMapTests.release.xcconfig */,
				91F82698D5BFF526460A2CE4 /* Pods-OnTheMapUITests.debug.xcconfig */,
				545338FF72D227CD61638F8D /* Pods-OnTheMapUITests.release.xcconfig */,
			);
			name = Pods;
			sourceTree = "<group>";
		};
/* End PBXGroup section */

/* Begin PBXNativeTarget section */
		BBF8E13E1DEC9BF200BE1DBB /* OnTheMap */ = {
			isa = PBXNativeTarget;
			buildConfigurationList = BBF8E1671DEC9BF300BE1DBB /* Build configuration list for PBXNativeTarget "OnTheMap" */;
			buildPhases = (
				C564DC083EB5B4620B594CAE /* [CP] Check Pods Manifest.lock */,
				BBF8E13B1DEC9BF200BE1DBB /* Sources */,
				BBF8E13C1DEC9BF200BE1DBB /* Frameworks */,
				BBF8E13D1DEC9BF200BE1DBB /* Resources */,
				7B6189F55AFC2922E2B96A74 /* [CP] Embed Pods Frameworks */,
				D453CB14BD780D8F3265923F /* [CP] Copy Pods Resources */,
			);
			buildRules = (
			);
			dependencies = (
			);
			name = OnTheMap;
			productName = OnTheMap;
			productReference = BBF8E13F1DEC9BF200BE1DBB /* OnTheMap.app */;
			productType = "com.apple.product-type.application";
		};
		BBF8E1521DEC9BF300BE1DBB /* OnTheMapTests */ = {
			isa = PBXNativeTarget;
			buildConfigurationList = BBF8E16A1DEC9BF300BE1DBB /* Build configuration list for PBXNativeTarget "OnTheMapTests" */;
			buildPhases = (
				D57660EA7FD2F0E35D88BF81 /* [CP] Check Pods Manifest.lock */,
				BBF8E14F1DEC9BF300BE1DBB /* Sources */,
				BBF8E1501DEC9BF300BE1DBB /* Frameworks */,
				BBF8E1511DEC9BF300BE1DBB /* Resources */,
				46F7AE0363169BA8A8A180B3 /* [CP] Embed Pods Frameworks */,
				54659BD6787361828660D9F1 /* [CP] Copy Pods Resources */,
			);
			buildRules = (
			);
			dependencies = (
				BBF8E1551DEC9BF300BE1DBB /* PBXTargetDependency */,
			);
			name = OnTheMapTests;
			productName = OnTheMapTests;
			productReference = BBF8E1531DEC9BF300BE1DBB /* OnTheMapTests.xctest */;
			productType = "com.apple.product-type.bundle.unit-test";
		};
		BBF8E15D1DEC9BF300BE1DBB /* OnTheMapUITests */ = {
			isa = PBXNativeTarget;
			buildConfigurationList = BBF8E16D1DEC9BF300BE1DBB /* Build configuration list for PBXNativeTarget "OnTheMapUITests" */;
			buildPhases = (
				5F3B36A5C92A3F26250DFDAC /* [CP] Check Pods Manifest.lock */,
				BBF8E15A1DEC9BF300BE1DBB /* Sources */,
				BBF8E15B1DEC9BF300BE1DBB /* Frameworks */,
				BBF8E15C1DEC9BF300BE1DBB /* Resources */,
				278ECFAB062509570EED3641 /* [CP] Embed Pods Frameworks */,
				CFB6FA916839FE0D3D483AA6 /* [CP] Copy Pods Resources */,
			);
			buildRules = (
			);
			dependencies = (
				BBF8E1601DEC9BF300BE1DBB /* PBXTargetDependency */,
			);
			name = OnTheMapUITests;
			productName = OnTheMapUITests;
			productReference = BBF8E15E1DEC9BF300BE1DBB /* OnTheMapUITests.xctest */;
			productType = "com.apple.product-type.bundle.ui-testing";
		};
/* End PBXNativeTarget section */

/* Begin PBXProject section */
		BBF8E1371DEC9BF200BE1DBB /* Project object */ = {
			isa = PBXProject;
			attributes = {
				LastSwiftUpdateCheck = 0810;
				LastUpgradeCheck = 0810;
				ORGANIZATIONNAME = MCreations;
				TargetAttributes = {
					BBF8E13E1DEC9BF200BE1DBB = {
						CreatedOnToolsVersion = 8.1;
						DevelopmentTeam = J5VXE76EPL;
						ProvisioningStyle = Automatic;
						SystemCapabilities = {
							com.apple.Keychain = {
								enabled = 1;
							};
						};
					};
					BBF8E1521DEC9BF300BE1DBB = {
						CreatedOnToolsVersion = 8.1;
						DevelopmentTeam = J5VXE76EPL;
						ProvisioningStyle = Automatic;
						TestTargetID = BBF8E13E1DEC9BF200BE1DBB;
					};
					BBF8E15D1DEC9BF300BE1DBB = {
						CreatedOnToolsVersion = 8.1;
						DevelopmentTeam = J5VXE76EPL;
						ProvisioningStyle = Automatic;
						TestTargetID = BBF8E13E1DEC9BF200BE1DBB;
					};
				};
			};
			buildConfigurationList = BBF8E13A1DEC9BF200BE1DBB /* Build configuration list for PBXProject "OnTheMap" */;
			compatibilityVersion = "Xcode 3.2";
			developmentRegion = English;
			hasScannedForEncodings = 0;
			knownRegions = (
				en,
				Base,
			);
			mainGroup = BBF8E1361DEC9BF200BE1DBB;
			productRefGroup = BBF8E1401DEC9BF200BE1DBB /* Products */;
			projectDirPath = "";
			projectRoot = "";
			targets = (
				BBF8E13E1DEC9BF200BE1DBB /* OnTheMap */,
				BBF8E1521DEC9BF300BE1DBB /* OnTheMapTests */,
				BBF8E15D1DEC9BF300BE1DBB /* OnTheMapUITests */,
			);
		};
/* End PBXProject section */

/* Begin PBXResourcesBuildPhase section */
		BBF8E13D1DEC9BF200BE1DBB /* Resources */ = {
			isa = PBXResourcesBuildPhase;
			buildActionMask = 2147483647;
			files = (
				BBF8E14D1DEC9BF300BE1DBB /* LaunchScreen.storyboard in Resources */,
				BBF8E14A1DEC9BF300BE1DBB /* Assets.xcassets in Resources */,
				BBF8E1481DEC9BF300BE1DBB /* Main.storyboard in Resources */,
			);
			runOnlyForDeploymentPostprocessing = 0;
		};
		BBF8E1511DEC9BF300BE1DBB /* Resources */ = {
			isa = PBXResourcesBuildPhase;
			buildActionMask = 2147483647;
			files = (
			);
			runOnlyForDeploymentPostprocessing = 0;
		};
		BBF8E15C1DEC9BF300BE1DBB /* Resources */ = {
			isa = PBXResourcesBuildPhase;
			buildActionMask = 2147483647;
			files = (
			);
			runOnlyForDeploymentPostprocessing = 0;
		};
/* End PBXResourcesBuildPhase section */

/* Begin PBXShellScriptBuildPhase section */
		278ECFAB062509570EED3641 /* [CP] Embed Pods Frameworks */ = {
			isa = PBXShellScriptBuildPhase;
			buildActionMask = 2147483647;
			files = (
			);
			inputPaths = (
			);
			name = "[CP] Embed Pods Frameworks";
			outputPaths = (
			);
			runOnlyForDeploymentPostprocessing = 0;
			shellPath = /bin/sh;
			shellScript = "\"${SRCROOT}/Pods/Target Support Files/Pods-OnTheMapUITests/Pods-OnTheMapUITests-frameworks.sh\"\n";
			showEnvVarsInLog = 0;
		};
		46F7AE0363169BA8A8A180B3 /* [CP] Embed Pods Frameworks */ = {
			isa = PBXShellScriptBuildPhase;
			buildActionMask = 2147483647;
			files = (
			);
			inputPaths = (
			);
			name = "[CP] Embed Pods Frameworks";
			outputPaths = (
			);
			runOnlyForDeploymentPostprocessing = 0;
			shellPath = /bin/sh;
			shellScript = "\"${SRCROOT}/Pods/Target Support Files/Pods-OnTheMapTests/Pods-OnTheMapTests-frameworks.sh\"\n";
			showEnvVarsInLog = 0;
		};
		54659BD6787361828660D9F1 /* [CP] Copy Pods Resources */ = {
			isa = PBXShellScriptBuildPhase;
			buildActionMask = 2147483647;
			files = (
			);
			inputPaths = (
			);
			name = "[CP] Copy Pods Resources";
			outputPaths = (
			);
			runOnlyForDeploymentPostprocessing = 0;
			shellPath = /bin/sh;
			shellScript = "\"${SRCROOT}/Pods/Target Support Files/Pods-OnTheMapTests/Pods-OnTheMapTests-resources.sh\"\n";
			showEnvVarsInLog = 0;
		};
		5F3B36A5C92A3F26250DFDAC /* [CP] Check Pods Manifest.lock */ = {
			isa = PBXShellScriptBuildPhase;
			buildActionMask = 2147483647;
			files = (
			);
			inputPaths = (
			);
			name = "[CP] Check Pods Manifest.lock";
			outputPaths = (
			);
			runOnlyForDeploymentPostprocessing = 0;
			shellPath = /bin/sh;
			shellScript = "diff \"${PODS_ROOT}/../Podfile.lock\" \"${PODS_ROOT}/Manifest.lock\" > /dev/null\nif [ $? != 0 ] ; then\n    # print error to STDERR\n    echo \"error: The sandbox is not in sync with the Podfile.lock. Run 'pod install' or update your CocoaPods installation.\" >&2\n    exit 1\nfi\n";
			showEnvVarsInLog = 0;
		};
		7B6189F55AFC2922E2B96A74 /* [CP] Embed Pods Frameworks */ = {
			isa = PBXShellScriptBuildPhase;
			buildActionMask = 2147483647;
			files = (
			);
			inputPaths = (
			);
			name = "[CP] Embed Pods Frameworks";
			outputPaths = (
			);
			runOnlyForDeploymentPostprocessing = 0;
			shellPath = /bin/sh;
			shellScript = "\"${SRCROOT}/Pods/Target Support Files/Pods-OnTheMap/Pods-OnTheMap-frameworks.sh\"\n";
			showEnvVarsInLog = 0;
		};
		C564DC083EB5B4620B594CAE /* [CP] Check Pods Manifest.lock */ = {
			isa = PBXShellScriptBuildPhase;
			buildActionMask = 2147483647;
			files = (
			);
			inputPaths = (
			);
			name = "[CP] Check Pods Manifest.lock";
			outputPaths = (
			);
			runOnlyForDeploymentPostprocessing = 0;
			shellPath = /bin/sh;
			shellScript = "diff \"${PODS_ROOT}/../Podfile.lock\" \"${PODS_ROOT}/Manifest.lock\" > /dev/null\nif [ $? != 0 ] ; then\n    # print error to STDERR\n    echo \"error: The sandbox is not in sync with the Podfile.lock. Run 'pod install' or update your CocoaPods installation.\" >&2\n    exit 1\nfi\n";
			showEnvVarsInLog = 0;
		};
		CFB6FA916839FE0D3D483AA6 /* [CP] Copy Pods Resources */ = {
			isa = PBXShellScriptBuildPhase;
			buildActionMask = 2147483647;
			files = (
			);
			inputPaths = (
			);
			name = "[CP] Copy Pods Resources";
			outputPaths = (
			);
			runOnlyForDeploymentPostprocessing = 0;
			shellPath = /bin/sh;
			shellScript = "\"${SRCROOT}/Pods/Target Support Files/Pods-OnTheMapUITests/Pods-OnTheMapUITests-resources.sh\"\n";
			showEnvVarsInLog = 0;
		};
		D453CB14BD780D8F3265923F /* [CP] Copy Pods Resources */ = {
			isa = PBXShellScriptBuildPhase;
			buildActionMask = 2147483647;
			files = (
			);
			inputPaths = (
			);
			name = "[CP] Copy Pods Resources";
			outputPaths = (
			);
			runOnlyForDeploymentPostprocessing = 0;
			shellPath = /bin/sh;
			shellScript = "\"${SRCROOT}/Pods/Target Support Files/Pods-OnTheMap/Pods-OnTheMap-resources.sh\"\n";
			showEnvVarsInLog = 0;
		};
		D57660EA7FD2F0E35D88BF81 /* [CP] Check Pods Manifest.lock */ = {
			isa = PBXShellScriptBuildPhase;
			buildActionMask = 2147483647;
			files = (
			);
			inputPaths = (
			);
			name = "[CP] Check Pods Manifest.lock";
			outputPaths = (
			);
			runOnlyForDeploymentPostprocessing = 0;
			shellPath = /bin/sh;
			shellScript = "diff \"${PODS_ROOT}/../Podfile.lock\" \"${PODS_ROOT}/Manifest.lock\" > /dev/null\nif [ $? != 0 ] ; then\n    # print error to STDERR\n    echo \"error: The sandbox is not in sync with the Podfile.lock. Run 'pod install' or update your CocoaPods installation.\" >&2\n    exit 1\nfi\n";
			showEnvVarsInLog = 0;
		};
/* End PBXShellScriptBuildPhase section */

/* Begin PBXSourcesBuildPhase section */
		BBF8E13B1DEC9BF200BE1DBB /* Sources */ = {
			isa = PBXSourcesBuildPhase;
			buildActionMask = 2147483647;
			files = (
				BBF54F641DFD7EF90016A1FA /* AddLinkViewController.swift in Sources */,
				BBF54F6C1DFF13AC0016A1FA /* Structures.swift in Sources */,
				BBF54F6A1DFE4F680016A1FA /* StudentLocationDetailTableViewCell.swift in Sources */,
				BBF54F6E1DFFA0270016A1FA /* LoadingOverlay.swift in Sources */,
				BBF54F621DFD65830016A1FA /* SetLocationViewController.swift in Sources */,
				BBF54F721E01232E0016A1FA /* HelperFunctions.swift in Sources */,
				BBF8E17F1DF0915100BE1DBB /* Model.swift in Sources */,
				BBF54F681DFE4F350016A1FA /* StudentLocationTableViewController.swift in Sources */,
				BBF8E1451DEC9BF300BE1DBB /* ViewController.swift in Sources */,
				BBF8E1431DEC9BF200BE1DBB /* AppDelegate.swift in Sources */,
				BBF54F5F1DF6697E0016A1FA /* MapViewController.swift in Sources */,
			);
			runOnlyForDeploymentPostprocessing = 0;
		};
		BBF8E14F1DEC9BF300BE1DBB /* Sources */ = {
			isa = PBXSourcesBuildPhase;
			buildActionMask = 2147483647;
			files = (
				BBF8E1581DEC9BF300BE1DBB /* OnTheMapTests.swift in Sources */,
			);
			runOnlyForDeploymentPostprocessing = 0;
		};
		BBF8E15A1DEC9BF300BE1DBB /* Sources */ = {
			isa = PBXSourcesBuildPhase;
			buildActionMask = 2147483647;
			files = (
				BBF8E1631DEC9BF300BE1DBB /* OnTheMapUITests.swift in Sources */,
			);
			runOnlyForDeploymentPostprocessing = 0;
		};
/* End PBXSourcesBuildPhase section */

/* Begin PBXTargetDependency section */
		BBF8E1551DEC9BF300BE1DBB /* PBXTargetDependency */ = {
			isa = PBXTargetDependency;
			target = BBF8E13E1DEC9BF200BE1DBB /* OnTheMap */;
			targetProxy = BBF8E1541DEC9BF300BE1DBB /* PBXContainerItemProxy */;
		};
		BBF8E1601DEC9BF300BE1DBB /* PBXTargetDependency */ = {
			isa = PBXTargetDependency;
			target = BBF8E13E1DEC9BF200BE1DBB /* OnTheMap */;
			targetProxy = BBF8E15F1DEC9BF300BE1DBB /* PBXContainerItemProxy */;
		};
/* End PBXTargetDependency section */

/* Begin PBXVariantGroup section */
		BBF8E1461DEC9BF300BE1DBB /* Main.storyboard */ = {
			isa = PBXVariantGroup;
			children = (
				BBF8E1471DEC9BF300BE1DBB /* Base */,
			);
			name = Main.storyboard;
			sourceTree = "<group>";
		};
		BBF8E14B1DEC9BF300BE1DBB /* LaunchScreen.storyboard */ = {
			isa = PBXVariantGroup;
			children = (
				BBF8E14C1DEC9BF300BE1DBB /* Base */,
			);
			name = LaunchScreen.storyboard;
			sourceTree = "<group>";
		};
/* End PBXVariantGroup section */

/* Begin XCBuildConfiguration section */
		BBF8E1651DEC9BF300BE1DBB /* Debug */ = {
			isa = XCBuildConfiguration;
			buildSettings = {
				ALWAYS_SEARCH_USER_PATHS = NO;
				CLANG_ANALYZER_NONNULL = YES;
				CLANG_CXX_LANGUAGE_STANDARD = "gnu++0x";
				CLANG_CXX_LIBRARY = "libc++";
				CLANG_ENABLE_MODULES = YES;
				CLANG_ENABLE_OBJC_ARC = YES;
				CLANG_WARN_BOOL_CONVERSION = YES;
				CLANG_WARN_CONSTANT_CONVERSION = YES;
				CLANG_WARN_DIRECT_OBJC_ISA_USAGE = YES_ERROR;
				CLANG_WARN_DOCUMENTATION_COMMENTS = YES;
				CLANG_WARN_EMPTY_BODY = YES;
				CLANG_WARN_ENUM_CONVERSION = YES;
				CLANG_WARN_INFINITE_RECURSION = YES;
				CLANG_WARN_INT_CONVERSION = YES;
				CLANG_WARN_OBJC_ROOT_CLASS = YES_ERROR;
				CLANG_WARN_SUSPICIOUS_MOVES = YES;
				CLANG_WARN_UNREACHABLE_CODE = YES;
				CLANG_WARN__DUPLICATE_METHOD_MATCH = YES;
				"CODE_SIGN_IDENTITY[sdk=iphoneos*]" = "iPhone Developer";
				COPY_PHASE_STRIP = NO;
				DEBUG_INFORMATION_FORMAT = dwarf;
				ENABLE_STRICT_OBJC_MSGSEND = YES;
				ENABLE_TESTABILITY = YES;
				GCC_C_LANGUAGE_STANDARD = gnu99;
				GCC_DYNAMIC_NO_PIC = NO;
				GCC_NO_COMMON_BLOCKS = YES;
				GCC_OPTIMIZATION_LEVEL = 0;
				GCC_PREPROCESSOR_DEFINITIONS = (
					"DEBUG=1",
					"$(inherited)",
				);
				GCC_WARN_64_TO_32_BIT_CONVERSION = YES;
				GCC_WARN_ABOUT_RETURN_TYPE = YES_ERROR;
				GCC_WARN_UNDECLARED_SELECTOR = YES;
				GCC_WARN_UNINITIALIZED_AUTOS = YES_AGGRESSIVE;
				GCC_WARN_UNUSED_FUNCTION = YES;
				GCC_WARN_UNUSED_VARIABLE = YES;
				IPHONEOS_DEPLOYMENT_TARGET = 10.1;
				MTL_ENABLE_DEBUG_INFO = YES;
				ONLY_ACTIVE_ARCH = YES;
				SDKROOT = iphoneos;
				SWIFT_ACTIVE_COMPILATION_CONDITIONS = DEBUG;
				SWIFT_OPTIMIZATION_LEVEL = "-Onone";
				TARGETED_DEVICE_FAMILY = "1,2";
			};
			name = Debug;
		};
		BBF8E1661DEC9BF300BE1DBB /* Release */ = {
			isa = XCBuildConfiguration;
			buildSettings = {
				ALWAYS_SEARCH_USER_PATHS = NO;
				CLANG_ANALYZER_NONNULL = YES;
				CLANG_CXX_LANGUAGE_STANDARD = "gnu++0x";
				CLANG_CXX_LIBRARY = "libc++";
				CLANG_ENABLE_MODULES = YES;
				CLANG_ENABLE_OBJC_ARC = YES;
				CLANG_WARN_BOOL_CONVERSION = YES;
				CLANG_WARN_CONSTANT_CONVERSION = YES;
				CLANG_WARN_DIRECT_OBJC_ISA_USAGE = YES_ERROR;
				CLANG_WARN_DOCUMENTATION_COMMENTS = YES;
				CLANG_WARN_EMPTY_BODY = YES;
				CLANG_WARN_ENUM_CONVERSION = YES;
				CLANG_WARN_INFINITE_RECURSION = YES;
				CLANG_WARN_INT_CONVERSION = YES;
				CLANG_WARN_OBJC_ROOT_CLASS = YES_ERROR;
				CLANG_WARN_SUSPICIOUS_MOVES = YES;
				CLANG_WARN_UNREACHABLE_CODE = YES;
				CLANG_WARN__DUPLICATE_METHOD_MATCH = YES;
				"CODE_SIGN_IDENTITY[sdk=iphoneos*]" = "iPhone Developer";
				COPY_PHASE_STRIP = NO;
				DEBUG_INFORMATION_FORMAT = "dwarf-with-dsym";
				ENABLE_NS_ASSERTIONS = NO;
				ENABLE_STRICT_OBJC_MSGSEND = YES;
				GCC_C_LANGUAGE_STANDARD = gnu99;
				GCC_NO_COMMON_BLOCKS = YES;
				GCC_WARN_64_TO_32_BIT_CONVERSION = YES;
				GCC_WARN_ABOUT_RETURN_TYPE = YES_ERROR;
				GCC_WARN_UNDECLARED_SELECTOR = YES;
				GCC_WARN_UNINITIALIZED_AUTOS = YES_AGGRESSIVE;
				GCC_WARN_UNUSED_FUNCTION = YES;
				GCC_WARN_UNUSED_VARIABLE = YES;
				IPHONEOS_DEPLOYMENT_TARGET = 10.1;
				MTL_ENABLE_DEBUG_INFO = NO;
				SDKROOT = iphoneos;
				SWIFT_OPTIMIZATION_LEVEL = "-Owholemodule";
				TARGETED_DEVICE_FAMILY = "1,2";
				VALIDATE_PRODUCT = YES;
			};
			name = Release;
		};
		BBF8E1681DEC9BF300BE1DBB /* Debug */ = {
			isa = XCBuildConfiguration;
			baseConfigurationReference = 4ADB2E904EF2B517596EB940 /* Pods-OnTheMap.debug.xcconfig */;
			buildSettings = {
				ASSETCATALOG_COMPILER_APPICON_NAME = AppIcon;
				CODE_SIGN_ENTITLEMENTS = OnTheMap/OnTheMap.entitlements;
				DEVELOPMENT_TEAM = J5VXE76EPL;
				FRAMEWORK_SEARCH_PATHS = (
					"$(inherited)",
					"$(PROJECT_DIR)/OnTheMap",
				);
				INFOPLIST_FILE = OnTheMap/Info.plist;
				LD_RUNPATH_SEARCH_PATHS = "$(inherited) @executable_path/Frameworks";
				PRODUCT_BUNDLE_IDENTIFIER = MCreations.OnTheMap;
				PRODUCT_NAME = "$(TARGET_NAME)";
				SWIFT_VERSION = 3.0;
			};
			name = Debug;
		};
		BBF8E1691DEC9BF300BE1DBB /* Release */ = {
			isa = XCBuildConfiguration;
			baseConfigurationReference = 8943C921969401165717D061 /* Pods-OnTheMap.release.xcconfig */;
			buildSettings = {
				ASSETCATALOG_COMPILER_APPICON_NAME = AppIcon;
				CODE_SIGN_ENTITLEMENTS = OnTheMap/OnTheMap.entitlements;
				DEVELOPMENT_TEAM = J5VXE76EPL;
				FRAMEWORK_SEARCH_PATHS = (
					"$(inherited)",
					"$(PROJECT_DIR)/OnTheMap",
				);
				INFOPLIST_FILE = OnTheMap/Info.plist;
				LD_RUNPATH_SEARCH_PATHS = "$(inherited) @executable_path/Frameworks";
				PRODUCT_BUNDLE_IDENTIFIER = MCreations.OnTheMap;
				PRODUCT_NAME = "$(TARGET_NAME)";
				SWIFT_VERSION = 3.0;
			};
			name = Release;
		};
		BBF8E16B1DEC9BF300BE1DBB /* Debug */ = {
			isa = XCBuildConfiguration;
			baseConfigurationReference = 9A6C21DB989586C08393CD59 /* Pods-OnTheMapTests.debug.xcconfig */;
			buildSettings = {
				ALWAYS_EMBED_SWIFT_STANDARD_LIBRARIES = YES;
				BUNDLE_LOADER = "$(TEST_HOST)";
				DEVELOPMENT_TEAM = J5VXE76EPL;
				INFOPLIST_FILE = OnTheMapTests/Info.plist;
				LD_RUNPATH_SEARCH_PATHS = "$(inherited) @executable_path/Frameworks @loader_path/Frameworks";
				PRODUCT_BUNDLE_IDENTIFIER = MCreations.OnTheMapTests;
				PRODUCT_NAME = "$(TARGET_NAME)";
				SWIFT_VERSION = 3.0;
				TEST_HOST = "$(BUILT_PRODUCTS_DIR)/OnTheMap.app/OnTheMap";
			};
			name = Debug;
		};
		BBF8E16C1DEC9BF300BE1DBB /* Release */ = {
			isa = XCBuildConfiguration;
			baseConfigurationReference = 5F80B50750C330F1B4CE33BE /* Pods-OnTheMapTests.release.xcconfig */;
			buildSettings = {
				ALWAYS_EMBED_SWIFT_STANDARD_LIBRARIES = YES;
				BUNDLE_LOADER = "$(TEST_HOST)";
				DEVELOPMENT_TEAM = J5VXE76EPL;
				INFOPLIST_FILE = OnTheMapTests/Info.plist;
				LD_RUNPATH_SEARCH_PATHS = "$(inherited) @executable_path/Frameworks @loader_path/Frameworks";
				PRODUCT_BUNDLE_IDENTIFIER = MCreations.OnTheMapTests;
				PRODUCT_NAME = "$(TARGET_NAME)";
				SWIFT_VERSION = 3.0;
				TEST_HOST = "$(BUILT_PRODUCTS_DIR)/OnTheMap.app/OnTheMap";
			};
			name = Release;
		};
		BBF8E16E1DEC9BF300BE1DBB /* Debug */ = {
			isa = XCBuildConfiguration;
			baseConfigurationReference = 91F82698D5BFF526460A2CE4 /* Pods-OnTheMapUITests.debug.xcconfig */;
			buildSettings = {
				ALWAYS_EMBED_SWIFT_STANDARD_LIBRARIES = YES;
				DEVELOPMENT_TEAM = J5VXE76EPL;
				INFOPLIST_FILE = OnTheMapUITests/Info.plist;
				LD_RUNPATH_SEARCH_PATHS = "$(inherited) @executable_path/Frameworks @loader_path/Frameworks";
				PRODUCT_BUNDLE_IDENTIFIER = MCreations.OnTheMapUITests;
				PRODUCT_NAME = "$(TARGET_NAME)";
				SWIFT_VERSION = 3.0;
				TEST_TARGET_NAME = OnTheMap;
			};
			name = Debug;
		};
		BBF8E16F1DEC9BF300BE1DBB /* Release */ = {
			isa = XCBuildConfiguration;
			baseConfigurationReference = 545338FF72D227CD61638F8D /* Pods-OnTheMapUITests.release.xcconfig */;
			buildSettings = {
				ALWAYS_EMBED_SWIFT_STANDARD_LIBRARIES = YES;
				DEVELOPMENT_TEAM = J5VXE76EPL;
				INFOPLIST_FILE = OnTheMapUITests/Info.plist;
				LD_RUNPATH_SEARCH_PATHS = "$(inherited) @executable_path/Frameworks @loader_path/Frameworks";
				PRODUCT_BUNDLE_IDENTIFIER = MCreations.OnTheMapUITests;
				PRODUCT_NAME = "$(TARGET_NAME)";
				SWIFT_VERSION = 3.0;
				TEST_TARGET_NAME = OnTheMap;
			};
			name = Release;
		};
/* End XCBuildConfiguration section */

/* Begin XCConfigurationList section */
		BBF8E13A1DEC9BF200BE1DBB /* Build configuration list for PBXProject "OnTheMap" */ = {
			isa = XCConfigurationList;
			buildConfigurations = (
				BBF8E1651DEC9BF300BE1DBB /* Debug */,
				BBF8E1661DEC9BF300BE1DBB /* Release */,
			);
			defaultConfigurationIsVisible = 0;
			defaultConfigurationName = Release;
		};
		BBF8E1671DEC9BF300BE1DBB /* Build configuration list for PBXNativeTarget "OnTheMap" */ = {
			isa = XCConfigurationList;
			buildConfigurations = (
				BBF8E1681DEC9BF300BE1DBB /* Debug */,
				BBF8E1691DEC9BF300BE1DBB /* Release */,
			);
			defaultConfigurationIsVisible = 0;
			defaultConfigurationName = Release;
		};
		BBF8E16A1DEC9BF300BE1DBB /* Build configuration list for PBXNativeTarget "OnTheMapTests" */ = {
			isa = XCConfigurationList;
			buildConfigurations = (
				BBF8E16B1DEC9BF300BE1DBB /* Debug */,
				BBF8E16C1DEC9BF300BE1DBB /* Release */,
			);
			defaultConfigurationIsVisible = 0;
			defaultConfigurationName = Release;
		};
		BBF8E16D1DEC9BF300BE1DBB /* Build configuration list for PBXNativeTarget "OnTheMapUITests" */ = {
			isa = XCConfigurationList;
			buildConfigurations = (
				BBF8E16E1DEC9BF300BE1DBB /* Debug */,
				BBF8E16F1DEC9BF300BE1DBB /* Release */,
			);
			defaultConfigurationIsVisible = 0;
			defaultConfigurationName = Release;
		};
/* End XCConfigurationList section */
	};
	rootObject = BBF8E1371DEC9BF200BE1DBB /* Project object */;
}
